
Microsoft Visual Studio Solution File, Format Version 12.00
# Visual Studio Version 17
VisualStudioVersion = 17.9.34728.123
MinimumVisualStudioVersion = 10.0.40219.1
Project("{FAE04EC0-301F-11D3-BF4B-00C04F79EFBC}") = "Lab4", "WpfApp4\Lab4.csproj", "{DB485BB1-3AA0-4ED5-A903-1CA2A2E5572F}"
EndProject
Global
	GlobalSection(SolutionConfigurationPlatforms) = preSolution
		Debug|Any CPU = Debug|Any CPU
		Release|Any CPU = Release|Any CPU
	EndGlobalSection
	GlobalSection(ProjectConfigurationPlatforms) = postSolution
		{DB485BB1-3AA0-4ED5-A903-1CA2A2E5572F}.Debug|Any CPU.ActiveCfg = Debug|Any CPU
		{DB485BB1-3AA0-4ED5-A903-1CA2A2E5572F}.Debug|Any CPU.Build.0 = Debug|Any CPU
		{DB485BB1-3AA0-4ED5-A903-1CA2A2E5572F}.Release|Any CPU.ActiveCfg = Release|Any CPU
		{DB485BB1-3AA0-4ED5-A903-1CA2A2E5572F}.Release|Any CPU.Build.0 = Release|Any CPU
	EndGlobalSection
	GlobalSection(SolutionProperties) = preSolution
		HideSolutionNode = FALSE
	EndGlobalSection
	GlobalSection(ExtensibilityGlobals) = postSolution
		SolutionGuid = {75EE56B6-48D8-40D5-8B10-91C57F24DD23}
	EndGlobalSection
EndGlobal
